
Microsoft Visual Studio Solution File, Format Version 12.00
# Visual Studio Version 16
VisualStudioVersion = 16.0.30225.117
MinimumVisualStudioVersion = 10.0.40219.1
Project("{9A19103F-16F7-4668-BE54-9A1E7A4F7556}") = "NetDevPack.JwtExtensions", "NetDevPack.JwtExtensions\NetDevPack.JwtExtensions.csproj", "{DF768985-DE41-4EAE-BB92-00E87CEE7D38}"
EndProject
Project("{2150E333-8FDC-42A3-9474-1A3956D46DE8}") = "tests", "tests", "{22F8F825-438F-497A-850E-D24D3E7C88D2}"
EndProject
Project("{9A19103F-16F7-4668-BE54-9A1E7A4F7556}") = "ApiTest", "..\tests\ApiTest\ApiTest.csproj", "{215D8B52-A883-415B-A47C-2B5F8C64946D}"
EndProject
Project("{9A19103F-16F7-4668-BE54-9A1E7A4F7556}") = "NetDevPack.JwtExtensions.Tests", "..\tests\NetDevPack.JwtExtensions.Tests\NetDevPack.JwtExtensions.Tests.csproj", "{FC3EDFAF-694B-4920-A62B-7AF45798A141}"
EndProject
Project("{2150E333-8FDC-42A3-9474-1A3956D46DE8}") = "samples", "samples", "{25FA94BF-8B5B-4346-AEE8-6CC211FE015F}"
EndProject
Project("{FAE04EC0-301F-11D3-BF4B-00C04F79EFBC}") = "ApiAuthenticator", "..\samples\ApiAuthenticator\ApiAuthenticator.csproj", "{5E4E692B-A64A-429C-9FE5-B2CDD8FC2A72}"
EndProject
Project("{FAE04EC0-301F-11D3-BF4B-00C04F79EFBC}") = "ApiClient", "..\samples\ApiClient\ApiClient.csproj", "{2FA9B77B-7BAC-4F91-BA83-85F830622733}"
EndProject
Global
	GlobalSection(SolutionConfigurationPlatforms) = preSolution
		Debug|Any CPU = Debug|Any CPU
		Release|Any CPU = Release|Any CPU
	EndGlobalSection
	GlobalSection(ProjectConfigurationPlatforms) = postSolution
		{DF768985-DE41-4EAE-BB92-00E87CEE7D38}.Debug|Any CPU.ActiveCfg = Debug|Any CPU
		{DF768985-DE41-4EAE-BB92-00E87CEE7D38}.Debug|Any CPU.Build.0 = Debug|Any CPU
		{DF768985-DE41-4EAE-BB92-00E87CEE7D38}.Release|Any CPU.ActiveCfg = Release|Any CPU
		{DF768985-DE41-4EAE-BB92-00E87CEE7D38}.Release|Any CPU.Build.0 = Release|Any CPU
		{215D8B52-A883-415B-A47C-2B5F8C64946D}.Debug|Any CPU.ActiveCfg = Debug|Any CPU
		{215D8B52-A883-415B-A47C-2B5F8C64946D}.Debug|Any CPU.Build.0 = Debug|Any CPU
		{215D8B52-A883-415B-A47C-2B5F8C64946D}.Release|Any CPU.ActiveCfg = Release|Any CPU
		{215D8B52-A883-415B-A47C-2B5F8C64946D}.Release|Any CPU.Build.0 = Release|Any CPU
		{FC3EDFAF-694B-4920-A62B-7AF45798A141}.Debug|Any CPU.ActiveCfg = Debug|Any CPU
		{FC3EDFAF-694B-4920-A62B-7AF45798A141}.Debug|Any CPU.Build.0 = Debug|Any CPU
		{FC3EDFAF-694B-4920-A62B-7AF45798A141}.Release|Any CPU.ActiveCfg = Release|Any CPU
		{FC3EDFAF-694B-4920-A62B-7AF45798A141}.Release|Any CPU.Build.0 = Release|Any CPU
		{5E4E692B-A64A-429C-9FE5-B2CDD8FC2A72}.Debug|Any CPU.ActiveCfg = Debug|Any CPU
		{5E4E692B-A64A-429C-9FE5-B2CDD8FC2A72}.Debug|Any CPU.Build.0 = Debug|Any CPU
		{5E4E692B-A64A-429C-9FE5-B2CDD8FC2A72}.Release|Any CPU.ActiveCfg = Release|Any CPU
		{5E4E692B-A64A-429C-9FE5-B2CDD8FC2A72}.Release|Any CPU.Build.0 = Release|Any CPU
		{2FA9B77B-7BAC-4F91-BA83-85F830622733}.Debug|Any CPU.ActiveCfg = Debug|Any CPU
		{2FA9B77B-7BAC-4F91-BA83-85F830622733}.Debug|Any CPU.Build.0 = Debug|Any CPU
		{2FA9B77B-7BAC-4F91-BA83-85F830622733}.Release|Any CPU.ActiveCfg = Release|Any CPU
		{2FA9B77B-7BAC-4F91-BA83-85F830622733}.Release|Any CPU.Build.0 = Release|Any CPU
	EndGlobalSection
	GlobalSection(SolutionProperties) = preSolution
		HideSolutionNode = FALSE
	EndGlobalSection
	GlobalSection(NestedProjects) = preSolution
		{215D8B52-A883-415B-A47C-2B5F8C64946D} = {22F8F825-438F-497A-850E-D24D3E7C88D2}
		{FC3EDFAF-694B-4920-A62B-7AF45798A141} = {22F8F825-438F-497A-850E-D24D3E7C88D2}
		{5E4E692B-A64A-429C-9FE5-B2CDD8FC2A72} = {25FA94BF-8B5B-4346-AEE8-6CC211FE015F}
		{2FA9B77B-7BAC-4F91-BA83-85F830622733} = {25FA94BF-8B5B-4346-AEE8-6CC211FE015F}
	EndGlobalSection
	GlobalSection(ExtensibilityGlobals) = postSolution
		SolutionGuid = {BD6B2063-A310-4A07-AFE7-D2390E27A8AB}
	EndGlobalSection
EndGlobal
